
Microsoft Visual Studio Solution File, Format Version 12.00
# Visual Studio Version 17
VisualStudioVersion = 17.14.36518.9
MinimumVisualStudioVersion = 10.0.40219.1
Project("{FAE04EC0-301F-11D3-BF4B-00C04F79EFBC}") = "RyzenAdjUWP", "RyzenAdjUWP\RyzenAdjUWP.csproj", "{3BEF9339-5C4B-4E7C-94BC-AF61AC3E3C78}"
EndProject
Project("{C7167F0D-BC9F-4E6E-AFE1-012C56B48DB5}") = "RyzenAdjUWP.Package", "RyzenAdjUWP.Package\RyzenAdjUWP.Package.wapproj", "{F68AA8EA-0B3A-4DAD-994C-E5ECC4A2753D}"
EndProject
Project("{FAE04EC0-301F-11D3-BF4B-00C04F79EFBC}") = "RyzenAdjUWP.Backend", "RyzenAdjUWP.Backend\RyzenAdjUWP.Backend.csproj", "{687D4A40-9ED0-4663-A465-D2C6BBB7B9D1}"
EndProject
Global
	GlobalSection(SolutionConfigurationPlatforms) = preSolution
		Debug|Any CPU = Debug|Any CPU
		Debug|ARM = Debug|ARM
		Debug|ARM64 = Debug|ARM64
		Debug|x64 = Debug|x64
		Debug|x86 = Debug|x86
		Release|Any CPU = Release|Any CPU
		Release|ARM = Release|ARM
		Release|ARM64 = Release|ARM64
		Release|x64 = Release|x64
		Release|x86 = Release|x86
	EndGlobalSection
	GlobalSection(ProjectConfigurationPlatforms) = postSolution
		{3BEF9339-5C4B-4E7C-94BC-AF61AC3E3C78}.Debug|Any CPU.ActiveCfg = Debug|x64
		{3BEF9339-5C4B-4E7C-94BC-AF61AC3E3C78}.Debug|Any CPU.Build.0 = Debug|x64
		{3BEF9339-5C4B-4E7C-94BC-AF61AC3E3C78}.Debug|Any CPU.Deploy.0 = Debug|x64
		{3BEF9339-5C4B-4E7C-94BC-AF61AC3E3C78}.Debug|ARM.ActiveCfg = Debug|ARM
		{3BEF9339-5C4B-4E7C-94BC-AF61AC3E3C78}.Debug|ARM.Build.0 = Debug|ARM
		{3BEF9339-5C4B-4E7C-94BC-AF61AC3E3C78}.Debug|ARM.Deploy.0 = Debug|ARM
		{3BEF9339-5C4B-4E7C-94BC-AF61AC3E3C78}.Debug|ARM64.ActiveCfg = Debug|ARM64
		{3BEF9339-5C4B-4E7C-94BC-AF61AC3E3C78}.Debug|ARM64.Build.0 = Debug|ARM64
		{3BEF9339-5C4B-4E7C-94BC-AF61AC3E3C78}.Debug|ARM64.Deploy.0 = Debug|ARM64
		{3BEF9339-5C4B-4E7C-94BC-AF61AC3E3C78}.Debug|x64.ActiveCfg = Debug|x64
		{3BEF9339-5C4B-4E7C-94BC-AF61AC3E3C78}.Debug|x64.Build.0 = Debug|x64
		{3BEF9339-5C4B-4E7C-94BC-AF61AC3E3C78}.Debug|x64.Deploy.0 = Debug|x64
		{3BEF9339-5C4B-4E7C-94BC-AF61AC3E3C78}.Debug|x86.ActiveCfg = Debug|x86
		{3BEF9339-5C4B-4E7C-94BC-AF61AC3E3C78}.Debug|x86.Build.0 = Debug|x86
		{3BEF9339-5C4B-4E7C-94BC-AF61AC3E3C78}.Debug|x86.Deploy.0 = Debug|x86
		{3BEF9339-5C4B-4E7C-94BC-AF61AC3E3C78}.Release|Any CPU.ActiveCfg = Release|x64
		{3BEF9339-5C4B-4E7C-94BC-AF61AC3E3C78}.Release|Any CPU.Build.0 = Release|x64
		{3BEF9339-5C4B-4E7C-94BC-AF61AC3E3C78}.Release|Any CPU.Deploy.0 = Release|x64
		{3BEF9339-5C4B-4E7C-94BC-AF61AC3E3C78}.Release|ARM.ActiveCfg = Release|ARM
		{3BEF9339-5C4B-4E7C-94BC-AF61AC3E3C78}.Release|ARM.Build.0 = Release|ARM
		{3BEF9339-5C4B-4E7C-94BC-AF61AC3E3C78}.Release|ARM.Deploy.0 = Release|ARM
		{3BEF9339-5C4B-4E7C-94BC-AF61AC3E3C78}.Release|ARM64.ActiveCfg = Release|ARM64
		{3BEF9339-5C4B-4E7C-94BC-AF61AC3E3C78}.Release|ARM64.Build.0 = Release|ARM64
		{3BEF9339-5C4B-4E7C-94BC-AF61AC3E3C78}.Release|ARM64.Deploy.0 = Release|ARM64
		{3BEF9339-5C4B-4E7C-94BC-AF61AC3E3C78}.Release|x64.ActiveCfg = Release|x64
		{3BEF9339-5C4B-4E7C-94BC-AF61AC3E3C78}.Release|x64.Build.0 = Release|x64
		{3BEF9339-5C4B-4E7C-94BC-AF61AC3E3C78}.Release|x64.Deploy.0 = Release|x64
		{3BEF9339-5C4B-4E7C-94BC-AF61AC3E3C78}.Release|x86.ActiveCfg = Release|x86
		{3BEF9339-5C4B-4E7C-94BC-AF61AC3E3C78}.Release|x86.Build.0 = Release|x86
		{3BEF9339-5C4B-4E7C-94BC-AF61AC3E3C78}.Release|x86.Deploy.0 = Release|x86
		{F68AA8EA-0B3A-4DAD-994C-E5ECC4A2753D}.Debug|Any CPU.ActiveCfg = Debug|Any CPU
		{F68AA8EA-0B3A-4DAD-994C-E5ECC4A2753D}.Debug|Any CPU.Build.0 = Debug|Any CPU
		{F68AA8EA-0B3A-4DAD-994C-E5ECC4A2753D}.Debug|Any CPU.Deploy.0 = Debug|Any CPU
		{F68AA8EA-0B3A-4DAD-994C-E5ECC4A2753D}.Debug|ARM.ActiveCfg = Debug|ARM
		{F68AA8EA-0B3A-4DAD-994C-E5ECC4A2753D}.Debug|ARM.Build.0 = Debug|ARM
		{F68AA8EA-0B3A-4DAD-994C-E5ECC4A2753D}.Debug|ARM.Deploy.0 = Debug|ARM
		{F68AA8EA-0B3A-4DAD-994C-E5ECC4A2753D}.Debug|ARM64.ActiveCfg = Debug|ARM64
		{F68AA8EA-0B3A-4DAD-994C-E5ECC4A2753D}.Debug|ARM64.Build.0 = Debug|ARM64
		{F68AA8EA-0B3A-4DAD-994C-E5ECC4A2753D}.Debug|ARM64.Deploy.0 = Debug|ARM64
		{F68AA8EA-0B3A-4DAD-994C-E5ECC4A2753D}.Debug|x64.ActiveCfg = Debug|x64
		{F68AA8EA-0B3A-4DAD-994C-E5ECC4A2753D}.Debug|x64.Build.0 = Debug|x64
		{F68AA8EA-0B3A-4DAD-994C-E5ECC4A2753D}.Debug|x64.Deploy.0 = Debug|x64
		{F68AA8EA-0B3A-4DAD-994C-E5ECC4A2753D}.Debug|x86.ActiveCfg = Debug|x86
		{F68AA8EA-0B3A-4DAD-994C-E5ECC4A2753D}.Debug|x86.Build.0 = Debug|x86
		{F68AA8EA-0B3A-4DAD-994C-E5ECC4A2753D}.Debug|x86.Deploy.0 = Debug|x86
		{F68AA8EA-0B3A-4DAD-994C-E5ECC4A2753D}.Release|Any CPU.ActiveCfg = Release|Any CPU
		{F68AA8EA-0B3A-4DAD-994C-E5ECC4A2753D}.Release|Any CPU.Build.0 = Release|Any CPU
		{F68AA8EA-0B3A-4DAD-994C-E5ECC4A2753D}.Release|Any CPU.Deploy.0 = Release|Any CPU
		{F68AA8EA-0B3A-4DAD-994C-E5ECC4A2753D}.Release|ARM.ActiveCfg = Release|ARM
		{F68AA8EA-0B3A-4DAD-994C-E5ECC4A2753D}.Release|ARM.Build.0 = Release|ARM
		{F68AA8EA-0B3A-4DAD-994C-E5ECC4A2753D}.Release|ARM.Deploy.0 = Release|ARM
		{F68AA8EA-0B3A-4DAD-994C-E5ECC4A2753D}.Release|ARM64.ActiveCfg = Release|ARM64
		{F68AA8EA-0B3A-4DAD-994C-E5ECC4A2753D}.Release|ARM64.Build.0 = Release|ARM64
		{F68AA8EA-0B3A-4DAD-994C-E5ECC4A2753D}.Release|ARM64.Deploy.0 = Release|ARM64
		{F68AA8EA-0B3A-4DAD-994C-E5ECC4A2753D}.Release|x64.ActiveCfg = Release|x64
		{F68AA8EA-0B3A-4DAD-994C-E5ECC4A2753D}.Release|x64.Build.0 = Release|x64
		{F68AA8EA-0B3A-4DAD-994C-E5ECC4A2753D}.Release|x64.Deploy.0 = Release|x64
		{F68AA8EA-0B3A-4DAD-994C-E5ECC4A2753D}.Release|x86.ActiveCfg = Release|x86
		{F68AA8EA-0B3A-4DAD-994C-E5ECC4A2753D}.Release|x86.Build.0 = Release|x86
		{F68AA8EA-0B3A-4DAD-994C-E5ECC4A2753D}.Release|x86.Deploy.0 = Release|x86
		{687D4A40-9ED0-4663-A465-D2C6BBB7B9D1}.Debug|Any CPU.ActiveCfg = Debug|Any CPU
		{687D4A40-9ED0-4663-A465-D2C6BBB7B9D1}.Debug|Any CPU.Build.0 = Debug|Any CPU
		{687D4A40-9ED0-4663-A465-D2C6BBB7B9D1}.Debug|ARM.ActiveCfg = Debug|Any CPU
		{687D4A40-9ED0-4663-A465-D2C6BBB7B9D1}.Debug|ARM.Build.0 = Debug|Any CPU
		{687D4A40-9ED0-4663-A465-D2C6BBB7B9D1}.Debug|ARM64.ActiveCfg = Debug|Any CPU
		{687D4A40-9ED0-4663-A465-D2C6BBB7B9D1}.Debug|ARM64.Build.0 = Debug|Any CPU
		{687D4A40-9ED0-4663-A465-D2C6BBB7B9D1}.Debug|x64.ActiveCfg = Debug|Any CPU
		{687D4A40-9ED0-4663-A465-D2C6BBB7B9D1}.Debug|x64.Build.0 = Debug|Any CPU
		{687D4A40-9ED0-4663-A465-D2C6BBB7B9D1}.Debug|x86.ActiveCfg = Debug|Any CPU
		{687D4A40-9ED0-4663-A465-D2C6BBB7B9D1}.Debug|x86.Build.0 = Debug|Any CPU
		{687D4A40-9ED0-4663-A465-D2C6BBB7B9D1}.Release|Any CPU.ActiveCfg = Release|Any CPU
		{687D4A40-9ED0-4663-A465-D2C6BBB7B9D1}.Release|Any CPU.Build.0 = Release|Any CPU
		{687D4A40-9ED0-4663-A465-D2C6BBB7B9D1}.Release|ARM.ActiveCfg = Release|Any CPU
		{687D4A40-9ED0-4663-A465-D2C6BBB7B9D1}.Release|ARM.Build.0 = Release|Any CPU
		{687D4A40-9ED0-4663-A465-D2C6BBB7B9D1}.Release|ARM64.ActiveCfg = Release|Any CPU
		{687D4A40-9ED0-4663-A465-D2C6BBB7B9D1}.Release|ARM64.Build.0 = Release|Any CPU
		{687D4A40-9ED0-4663-A465-D2C6BBB7B9D1}.Release|x64.ActiveCfg = Release|Any CPU
		{687D4A40-9ED0-4663-A465-D2C6BBB7B9D1}.Release|x64.Build.0 = Release|Any CPU
		{687D4A40-9ED0-4663-A465-D2C6BBB7B9D1}.Release|x86.ActiveCfg = Release|Any CPU
		{687D4A40-9ED0-4663-A465-D2C6BBB7B9D1}.Release|x86.Build.0 = Release|Any CPU
	EndGlobalSection
	GlobalSection(SolutionProperties) = preSolution
		HideSolutionNode = FALSE
	EndGlobalSection
	GlobalSection(ExtensibilityGlobals) = postSolution
		SolutionGuid = {8826BF28-AB55-4B9D-8535-C255163BCE55}
	EndGlobalSection
EndGlobal
